
Microsoft Visual Studio Solution File, Format Version 12.00
# Visual Studio Version 17
VisualStudioVersion = 17.13.35825.156 d17.13
MinimumVisualStudioVersion = 10.0.40219.1
Project("{FAE04EC0-301F-11D3-BF4B-00C04F79EFBC}") = "ConsoleApp1", "ConsoleApp1\ConsoleApp1.csproj", "{A9BE94A8-6D9F-48D7-91DB-98BC622E8D89}"
EndProject
Global
	GlobalSection(SolutionConfigurationPlatforms) = preSolution
		Debug|Any CPU = Debug|Any CPU
		Release|Any CPU = Release|Any CPU
	EndGlobalSection
	GlobalSection(ProjectConfigurationPlatforms) = postSolution
		{A9BE94A8-6D9F-48D7-91DB-98BC622E8D89}.Debug|Any CPU.ActiveCfg = Debug|Any CPU
		{A9BE94A8-6D9F-48D7-91DB-98BC622E8D89}.Debug|Any CPU.Build.0 = Debug|Any CPU
		{A9BE94A8-6D9F-48D7-91DB-98BC622E8D89}.Release|Any CPU.ActiveCfg = Release|Any CPU
		{A9BE94A8-6D9F-48D7-91DB-98BC622E8D89}.Release|Any CPU.Build.0 = Release|Any CPU
	EndGlobalSection
	GlobalSection(SolutionProperties) = preSolution
		HideSolutionNode = FALSE
	EndGlobalSection
	GlobalSection(ExtensibilityGlobals) = postSolution
		SolutionGuid = {BA70D9E8-D030-4890-9970-F1E1D9EB4752}
	EndGlobalSection
EndGlobal
